
Microsoft Visual Studio Solution File, Format Version 12.00
# Visual Studio Version 16
VisualStudioVersion = 16.0.31019.35
MinimumVisualStudioVersion = 10.0.40219.1
Project("{FAE04EC0-301F-11D3-BF4B-00C04F79EFBC}") = "SI_Web_API", "SI_Web_API\SI_Web_API.csproj", "{EBAD444C-903C-47BB-B48F-CE8D0C95E07A}"
EndProject
Global
	GlobalSection(SolutionConfigurationPlatforms) = preSolution
		Debug|Any CPU = Debug|Any CPU
		Release|Any CPU = Release|Any CPU
	EndGlobalSection
	GlobalSection(ProjectConfigurationPlatforms) = postSolution
		{EBAD444C-903C-47BB-B48F-CE8D0C95E07A}.Debug|Any CPU.ActiveCfg = Debug|Any CPU
		{EBAD444C-903C-47BB-B48F-CE8D0C95E07A}.Debug|Any CPU.Build.0 = Debug|Any CPU
		{EBAD444C-903C-47BB-B48F-CE8D0C95E07A}.Release|Any CPU.ActiveCfg = Release|Any CPU
		{EBAD444C-903C-47BB-B48F-CE8D0C95E07A}.Release|Any CPU.Build.0 = Release|Any CPU
	EndGlobalSection
	GlobalSection(SolutionProperties) = preSolution
		HideSolutionNode = FALSE
	EndGlobalSection
	GlobalSection(ExtensibilityGlobals) = postSolution
		SolutionGuid = {866634A5-CF08-48E5-913E-3FAED92C4677}
	EndGlobalSection
EndGlobal
